// !$*UTF8*$!
{
	archiveVersion = 1;
	classes = {
	};
	objectVersion = 55;
	objects = {

/* Begin PBXBuildFile section */
		63E4D45C27CC0A3F00F74780 /* AppDelegate.swift in Sources */ = {isa = PBXBuildFile; fileRef = 63E4D45B27CC0A3F00F74780 /* AppDelegate.swift */; };
		63E4D45E27CC0A3F00F74780 /* SceneDelegate.swift in Sources */ = {isa = PBXBuildFile; fileRef = 63E4D45D27CC0A3F00F74780 /* SceneDelegate.swift */; };
		63E4D46027CC0A3F00F74780 /* ViewController.swift in Sources */ = {isa = PBXBuildFile; fileRef = 63E4D45F27CC0A3F00F74780 /* ViewController.swift */; };
		63E4D46627CC0A3F00F74780 /* Messager.xcdatamodeld in Sources */ = {isa = PBXBuildFile; fileRef = 63E4D46427CC0A3F00F74780 /* Messager.xcdatamodeld */; };
		63E4D46827CC0A4100F74780 /* Assets.xcassets in Resources */ = {isa = PBXBuildFile; fileRef = 63E4D46727CC0A4100F74780 /* Assets.xcassets */; };
		63E4D46B27CC0A4100F74780 /* LaunchScreen.storyboard in Resources */ = {isa = PBXBuildFile; fileRef = 63E4D46927CC0A4100F74780 /* LaunchScreen.storyboard */; };
		63E4D47627CC0A4100F74780 /* MessagerTests.swift in Sources */ = {isa = PBXBuildFile; fileRef = 63E4D47527CC0A4100F74780 /* MessagerTests.swift */; };
		63E4D48027CC0A4100F74780 /* MessagerUITests.swift in Sources */ = {isa = PBXBuildFile; fileRef = 63E4D47F27CC0A4100F74780 /* MessagerUITests.swift */; };
		63E4D48227CC0A4100F74780 /* MessagerUITestsLaunchTests.swift in Sources */ = {isa = PBXBuildFile; fileRef = 63E4D48127CC0A4100F74780 /* MessagerUITestsLaunchTests.swift */; };
		63E4D4DE27D9684100F74780 /* PhotoCollectionViewCell.swift in Sources */ = {isa = PBXBuildFile; fileRef = 63E4D4DD27D9684100F74780 /* PhotoCollectionViewCell.swift */; };
		63E4D4E027DA522E00F74780 /* PhotoCollectionHeader.swift in Sources */ = {isa = PBXBuildFile; fileRef = 63E4D4DF27DA522E00F74780 /* PhotoCollectionHeader.swift */; };
/* End PBXBuildFile section */

/* Begin PBXContainerItemProxy section */
		63E4D47227CC0A4100F74780 /* PBXContainerItemProxy */ = {
			isa = PBXContainerItemProxy;
			containerPortal = 63E4D45027CC0A3F00F74780 /* Project object */;
			proxyType = 1;
			remoteGlobalIDString = 63E4D45727CC0A3F00F74780;
			remoteInfo = Messager;
		};
		63E4D47C27CC0A4100F74780 /* PBXContainerItemProxy */ = {
			isa = PBXContainerItemProxy;
			containerPortal = 63E4D45027CC0A3F00F74780 /* Project object */;
			proxyType = 1;
			remoteGlobalIDString = 63E4D45727CC0A3F00F74780;
			remoteInfo = Messager;
		};
/* End PBXContainerItemProxy section */

/* Begin PBXFileReference section */
		63E4D45827CC0A3F00F74780 /* Messager.app */ = {isa = PBXFileReference; explicitFileType = wrapper.application; includeInIndex = 0; path = Messager.app; sourceTree = BUILT_PRODUCTS_DIR; };
		63E4D45B27CC0A3F00F74780 /* AppDelegate.swift */ = {isa = PBXFileReference; lastKnownFileType = sourcecode.swift; path = AppDelegate.swift; sourceTree = "<group>"; };
		63E4D45D27CC0A3F00F74780 /* SceneDelegate.swift */ = {isa = PBXFileReference; lastKnownFileType = sourcecode.swift; path = SceneDelegate.swift; sourceTree = "<group>"; };
		63E4D45F27CC0A3F00F74780 /* ViewController.swift */ = {isa = PBXFileReference; lastKnownFileType = sourcecode.swift; path = ViewController.swift; sourceTree = "<group>"; };
		63E4D46527CC0A3F00F74780 /* Messager.xcdatamodel */ = {isa = PBXFileReference; lastKnownFileType = wrapper.xcdatamodel; path = Messager.xcdatamodel; sourceTree = "<group>"; };
		63E4D46727CC0A4100F74780 /* Assets.xcassets */ = {isa = PBXFileReference; lastKnownFileType = folder.assetcatalog; path = Assets.xcassets; sourceTree = "<group>"; };
		63E4D46A27CC0A4100F74780 /* Base */ = {isa = PBXFileReference; lastKnownFileType = file.storyboard; name = Base; path = Base.lproj/LaunchScreen.storyboard; sourceTree = "<group>"; };
		63E4D46C27CC0A4100F74780 /* Info.plist */ = {isa = PBXFileReference; lastKnownFileType = text.plist.xml; path = Info.plist; sourceTree = "<group>"; };
		63E4D47127CC0A4100F74780 /* MessagerTests.xctest */ = {isa = PBXFileReference; explicitFileType = wrapper.cfbundle; includeInIndex = 0; path = MessagerTests.xctest; sourceTree = BUILT_PRODUCTS_DIR; };
		63E4D47527CC0A4100F74780 /* MessagerTests.swift */ = {isa = PBXFileReference; lastKnownFileType = sourcecode.swift; path = MessagerTests.swift; sourceTree = "<group>"; };
		63E4D47B27CC0A4100F74780 /* MessagerUITests.xctest */ = {isa = PBXFileReference; explicitFileType = wrapper.cfbundle; includeInIndex = 0; path = MessagerUITests.xctest; sourceTree = BUILT_PRODUCTS_DIR; };
		63E4D47F27CC0A4100F74780 /* MessagerUITests.swift */ = {isa = PBXFileReference; lastKnownFileType = sourcecode.swift; path = MessagerUITests.swift; sourceTree = "<group>"; };
		63E4D48127CC0A4100F74780 /* MessagerUITestsLaunchTests.swift */ = {isa = PBXFileReference; lastKnownFileType = sourcecode.swift; path = MessagerUITestsLaunchTests.swift; sourceTree = "<group>"; };
		63E4D4DD27D9684100F74780 /* PhotoCollectionViewCell.swift */ = {isa = PBXFileReference; lastKnownFileType = sourcecode.swift; path = PhotoCollectionViewCell.swift; sourceTree = "<group>"; };
		63E4D4DF27DA522E00F74780 /* PhotoCollectionHeader.swift */ = {isa = PBXFileReference; lastKnownFileType = sourcecode.swift; path = PhotoCollectionHeader.swift; sourceTree = "<group>"; };
/* End PBXFileReference section */

/* Begin PBXFrameworksBuildPhase section */
		63E4D45527CC0A3F00F74780 /* Frameworks */ = {
			isa = PBXFrameworksBuildPhase;
			buildActionMask = 2147483647;
			files = (
			);
			runOnlyForDeploymentPostprocessing = 0;
		};
		63E4D46E27CC0A4100F74780 /* Frameworks */ = {
			isa = PBXFrameworksBuildPhase;
			buildActionMask = 2147483647;
			files = (
			);
			runOnlyForDeploymentPostprocessing = 0;
		};
		63E4D47827CC0A4100F74780 /* Frameworks */ = {
			isa = PBXFrameworksBuildPhase;
			buildActionMask = 2147483647;
			files = (
			);
			runOnlyForDeploymentPostprocessing = 0;
		};
/* End PBXFrameworksBuildPhase section */

/* Begin PBXGroup section */
		63E4D44F27CC0A3F00F74780 = {
			isa = PBXGroup;
			children = (
				63E4D45A27CC0A3F00F74780 /* Messager */,
				63E4D47427CC0A4100F74780 /* MessagerTests */,
				63E4D47E27CC0A4100F74780 /* MessagerUITests */,
				63E4D45927CC0A3F00F74780 /* Products */,
			);
			sourceTree = "<group>";
		};
		63E4D45927CC0A3F00F74780 /* Products */ = {
			isa = PBXGroup;
			children = (
				63E4D45827CC0A3F00F74780 /* Messager.app */,
				63E4D47127CC0A4100F74780 /* MessagerTests.xctest */,
				63E4D47B27CC0A4100F74780 /* MessagerUITests.xctest */,
			);
			name = Products;
			sourceTree = "<group>";
		};
		63E4D45A27CC0A3F00F74780 /* Messager */ = {
			isa = PBXGroup;
			children = (
				63E4D4DF27DA522E00F74780 /* PhotoCollectionHeader.swift */,
				63E4D45B27CC0A3F00F74780 /* AppDelegate.swift */,
				63E4D45D27CC0A3F00F74780 /* SceneDelegate.swift */,
				63E4D45F27CC0A3F00F74780 /* ViewController.swift */,
				63E4D4DD27D9684100F74780 /* PhotoCollectionViewCell.swift */,
				63E4D46727CC0A4100F74780 /* Assets.xcassets */,
				63E4D46927CC0A4100F74780 /* LaunchScreen.storyboard */,
				63E4D46C27CC0A4100F74780 /* Info.plist */,
				63E4D46427CC0A3F00F74780 /* Messager.xcdatamodeld */,
			);
			path = Messager;
			sourceTree = "<group>";
		};
		63E4D47427CC0A4100F74780 /* MessagerTests */ = {
			isa = PBXGroup;
			children = (
				63E4D47527CC0A4100F74780 /* MessagerTests.swift */,
			);
			path = MessagerTests;
			sourceTree = "<group>";
		};
		63E4D47E27CC0A4100F74780 /* MessagerUITests */ = {
			isa = PBXGroup;
			children = (
				63E4D47F27CC0A4100F74780 /* MessagerUITests.swift */,
				63E4D48127CC0A4100F74780 /* MessagerUITestsLaunchTests.swift */,
			);
			path = MessagerUITests;
			sourceTree = "<group>";
		};
/* End PBXGroup section */

/* Begin PBXNativeTarget section */
		63E4D45727CC0A3F00F74780 /* Messager */ = {
			isa = PBXNativeTarget;
			buildConfigurationList = 63E4D48527CC0A4100F74780 /* Build configuration list for PBXNativeTarget "Messager" */;
			buildPhases = (
				63E4D45427CC0A3F00F74780 /* Sources */,
				63E4D45527CC0A3F00F74780 /* Frameworks */,
				63E4D45627CC0A3F00F74780 /* Resources */,
			);
			buildRules = (
			);
			dependencies = (
			);
			name = Messager;
			productName = Messager;
			productReference = 63E4D45827CC0A3F00F74780 /* Messager.app */;
			productType = "com.apple.product-type.application";
		};
		63E4D47027CC0A4100F74780 /* MessagerTests */ = {
			isa = PBXNativeTarget;
			buildConfigurationList = 63E4D48827CC0A4100F74780 /* Build configuration list for PBXNativeTarget "MessagerTests" */;
			buildPhases = (
				63E4D46D27CC0A4100F74780 /* Sources */,
				63E4D46E27CC0A4100F74780 /* Frameworks */,
				63E4D46F27CC0A4100F74780 /* Resources */,
			);
			buildRules = (
			);
			dependencies = (
				63E4D47327CC0A4100F74780 /* PBXTargetDependency */,
			);
			name = MessagerTests;
			productName = MessagerTests;
			productReference = 63E4D47127CC0A4100F74780 /* MessagerTests.xctest */;
			productType = "com.apple.product-type.bundle.unit-test";
		};
		63E4D47A27CC0A4100F74780 /* MessagerUITests */ = {
			isa = PBXNativeTarget;
			buildConfigurationList = 63E4D48B27CC0A4100F74780 /* Build configuration list for PBXNativeTarget "MessagerUITests" */;
			buildPhases = (
				63E4D47727CC0A4100F74780 /* Sources */,
				63E4D47827CC0A4100F74780 /* Frameworks */,
				63E4D47927CC0A4100F74780 /* Resources */,
			);
			buildRules = (
			);
			dependencies = (
				63E4D47D27CC0A4100F74780 /* PBXTargetDependency */,
			);
			name = MessagerUITests;
			productName = MessagerUITests;
			productReference = 63E4D47B27CC0A4100F74780 /* MessagerUITests.xctest */;
			productType = "com.apple.product-type.bundle.ui-testing";
		};
/* End PBXNativeTarget section */

/* Begin PBXProject section */
		63E4D45027CC0A3F00F74780 /* Project object */ = {
			isa = PBXProject;
			attributes = {
				BuildIndependentTargetsInParallel = 1;
				LastSwiftUpdateCheck = 1320;
				LastUpgradeCheck = 1320;
				TargetAttributes = {
					63E4D45727CC0A3F00F74780 = {
						CreatedOnToolsVersion = 13.2.1;
					};
					63E4D47027CC0A4100F74780 = {
						CreatedOnToolsVersion = 13.2.1;
						TestTargetID = 63E4D45727CC0A3F00F74780;
					};
					63E4D47A27CC0A4100F74780 = {
						CreatedOnToolsVersion = 13.2.1;
						TestTargetID = 63E4D45727CC0A3F00F74780;
					};
				};
			};
			buildConfigurationList = 63E4D45327CC0A3F00F74780 /* Build configuration list for PBXProject "Messager" */;
			compatibilityVersion = "Xcode 13.0";
			developmentRegion = en;
			hasScannedForEncodings = 0;
			knownRegions = (
				en,
				Base,
			);
			mainGroup = 63E4D44F27CC0A3F00F74780;
			productRefGroup = 63E4D45927CC0A3F00F74780 /* Products */;
			projectDirPath = "";
			projectRoot = "";
			targets = (
				63E4D45727CC0A3F00F74780 /* Messager */,
				63E4D47027CC0A4100F74780 /* MessagerTests */,
				63E4D47A27CC0A4100F74780 /* MessagerUITests */,
			);
		};
/* End PBXProject section */

/* Begin PBXResourcesBuildPhase section */
		63E4D45627CC0A3F00F74780 /* Resources */ = {
			isa = PBXResourcesBuildPhase;
			buildActionMask = 2147483647;
			files = (
				63E4D46B27CC0A4100F74780 /* LaunchScreen.storyboard in Resources */,
				63E4D46827CC0A4100F74780 /* Assets.xcassets in Resources */,
			);
			runOnlyForDeploymentPostprocessing = 0;
		};
		63E4D46F27CC0A4100F74780 /* Resources */ = {
			isa = PBXResourcesBuildPhase;
			buildActionMask = 2147483647;
			files = (
			);
			runOnlyForDeploymentPostprocessing = 0;
		};
		63E4D47927CC0A4100F74780 /* Resources */ = {
			isa = PBXResourcesBuildPhase;
			buildActionMask = 2147483647;
			files = (
			);
			runOnlyForDeploymentPostprocessing = 0;
		};
/* End PBXResourcesBuildPhase section */

/* Begin PBXSourcesBuildPhase section */
		63E4D45427CC0A3F00F74780 /* Sources */ = {
			isa = PBXSourcesBuildPhase;
			buildActionMask = 2147483647;
			files = (
				63E4D46627CC0A3F00F74780 /* Messager.xcdatamodeld in Sources */,
				63E4D4E027DA522E00F74780 /* PhotoCollectionHeader.swift in Sources */,
				63E4D4DE27D9684100F74780 /* PhotoCollectionViewCell.swift in Sources */,
				63E4D46027CC0A3F00F74780 /* ViewController.swift in Sources */,
				63E4D45C27CC0A3F00F74780 /* AppDelegate.swift in Sources */,
				63E4D45E27CC0A3F00F74780 /* SceneDelegate.swift in Sources */,
			);
			runOnlyForDeploymentPostprocessing = 0;
		};
		63E4D46D27CC0A4100F74780 /* Sources */ = {
			isa = PBXSourcesBuildPhase;
			buildActionMask = 2147483647;
			files = (
				63E4D47627CC0A4100F74780 /* MessagerTests.swift in Sources */,
			);
			runOnlyForDeploymentPostprocessing = 0;
		};
		63E4D47727CC0A4100F74780 /* Sources */ = {
			isa = PBXSourcesBuildPhase;
			buildActionMask = 2147483647;
			files = (
				63E4D48227CC0A4100F74780 /* MessagerUITestsLaunchTests.swift in Sources */,
				63E4D48027CC0A4100F74780 /* MessagerUITests.swift in Sources */,
			);
			runOnlyForDeploymentPostprocessing = 0;
		};
/* End PBXSourcesBuildPhase section */

/* Begin PBXTargetDependency section */
		63E4D47327CC0A4100F74780 /* PBXTargetDependency */ = {
			isa = PBXTargetDependency;
			target = 63E4D45727CC0A3F00F74780 /* Messager */;
			targetProxy = 63E4D47227CC0A4100F74780 /* PBXContainerItemProxy */;
		};
		63E4D47D27CC0A4100F74780 /* PBXTargetDependency */ = {
			isa = PBXTargetDependency;
			target = 63E4D45727CC0A3F00F74780 /* Messager */;
			targetProxy = 63E4D47C27CC0A4100F74780 /* PBXContainerItemProxy */;
		};
/* End PBXTargetDependency section */

/* Begin PBXVariantGroup section */
		63E4D46927CC0A4100F74780 /* LaunchScreen.storyboard */ = {
			isa = PBXVariantGroup;
			children = (
				63E4D46A27CC0A4100F74780 /* Base */,
			);
			name = LaunchScreen.storyboard;
			sourceTree = "<group>";
		};
/* End PBXVariantGroup section */

/* Begin XCBuildConfiguration section */
		63E4D48327CC0A4100F74780 /* Debug */ = {
			isa = XCBuildConfiguration;
			buildSettings = {
				ALWAYS_SEARCH_USER_PATHS = NO;
				CLANG_ANALYZER_NONNULL = YES;
				CLANG_ANALYZER_NUMBER_OBJECT_CONVERSION = YES_AGGRESSIVE;
				CLANG_CXX_LANGUAGE_STANDARD = "gnu++17";
				CLANG_CXX_LIBRARY = "libc++";
				CLANG_ENABLE_MODULES = YES;
				CLANG_ENABLE_OBJC_ARC = YES;
				CLANG_ENABLE_OBJC_WEAK = YES;
				CLANG_WARN_BLOCK_CAPTURE_AUTORELEASING = YES;
				CLANG_WARN_BOOL_CONVERSION = YES;
				CLANG_WARN_COMMA = YES;
				CLANG_WARN_CONSTANT_CONVERSION = YES;
				CLANG_WARN_DEPRECATED_OBJC_IMPLEMENTATIONS = YES;
				CLANG_WARN_DIRECT_OBJC_ISA_USAGE = YES_ERROR;
				CLANG_WARN_DOCUMENTATION_COMMENTS = YES;
				CLANG_WARN_EMPTY_BODY = YES;
				CLANG_WARN_ENUM_CONVERSION = YES;
				CLANG_WARN_INFINITE_RECURSION = YES;
				CLANG_WARN_INT_CONVERSION = YES;
				CLANG_WARN_NON_LITERAL_NULL_CONVERSION = YES;
				CLANG_WARN_OBJC_IMPLICIT_RETAIN_SELF = YES;
				CLANG_WARN_OBJC_LITERAL_CONVERSION = YES;
				CLANG_WARN_OBJC_ROOT_CLASS = YES_ERROR;
				CLANG_WARN_QUOTED_INCLUDE_IN_FRAMEWORK_HEADER = YES;
				CLANG_WARN_RANGE_LOOP_ANALYSIS = YES;
				CLANG_WARN_STRICT_PROTOTYPES = YES;
				CLANG_WARN_SUSPICIOUS_MOVE = YES;
				CLANG_WARN_UNGUARDED_AVAILABILITY = YES_AGGRESSIVE;
				CLANG_WARN_UNREACHABLE_CODE = YES;
				CLANG_WARN__DUPLICATE_METHOD_MATCH = YES;
				COPY_PHASE_STRIP = NO;
				DEBUG_INFORMATION_FORMAT = dwarf;
				ENABLE_STRICT_OBJC_MSGSEND = YES;
				ENABLE_TESTABILITY = YES;
				GCC_C_LANGUAGE_STANDARD = gnu11;
				GCC_DYNAMIC_NO_PIC = NO;
				GCC_NO_COMMON_BLOCKS = YES;
				GCC_OPTIMIZATION_LEVEL = 0;
				GCC_PREPROCESSOR_DEFINITIONS = (
					"DEBUG=1",
					"$(inherited)",
				);
				GCC_WARN_64_TO_32_BIT_CONVERSION = YES;
				GCC_WARN_ABOUT_RETURN_TYPE = YES_ERROR;
				GCC_WARN_UNDECLARED_SELECTOR = YES;
				GCC_WARN_UNINITIALIZED_AUTOS = YES_AGGRESSIVE;
				GCC_WARN_UNUSED_FUNCTION = YES;
				GCC_WARN_UNUSED_VARIABLE = YES;
				IPHONEOS_DEPLOYMENT_TARGET = 15.2;
				MTL_ENABLE_DEBUG_INFO = INCLUDE_SOURCE;
				MTL_FAST_MATH = YES;
				ONLY_ACTIVE_ARCH = YES;
				SDKROOT = iphoneos;
				SWIFT_ACTIVE_COMPILATION_CONDITIONS = DEBUG;
				SWIFT_OPTIMIZATION_LEVEL = "-Onone";
			};
			name = Debug;
		};
		63E4D48427CC0A4100F74780 /* Release */ = {
			isa = XCBuildConfiguration;
			buildSettings = {
				ALWAYS_SEARCH_USER_PATHS = NO;
				CLANG_ANALYZER_NONNULL = YES;
				CLANG_ANALYZER_NUMBER_OBJECT_CONVERSION = YES_AGGRESSIVE;
				CLANG_CXX_LANGUAGE_STANDARD = "gnu++17";
				CLANG_CXX_LIBRARY = "libc++";
				CLANG_ENABLE_MODULES = YES;
				CLANG_ENABLE_OBJC_ARC = YES;
				CLANG_ENABLE_OBJC_WEAK = YES;
				CLANG_WARN_BLOCK_CAPTURE_AUTORELEASING = YES;
				CLANG_WARN_BOOL_CONVERSION = YES;
				CLANG_WARN_COMMA = YES;
				CLANG_WARN_CONSTANT_CONVERSION = YES;
				CLANG_WARN_DEPRECATED_OBJC_IMPLEMENTATIONS = YES;
				CLANG_WARN_DIRECT_OBJC_ISA_USAGE = YES_ERROR;
				CLANG_WARN_DOCUMENTATION_COMMENTS = YES;
				CLANG_WARN_EMPTY_BODY = YES;
				CLANG_WARN_ENUM_CONVERSION = YES;
				CLANG_WARN_INFINITE_RECURSION = YES;
				CLANG_WARN_INT_CONVERSION = YES;
				CLANG_WARN_NON_LITERAL_NULL_CONVERSION = YES;
				CLANG_WARN_OBJC_IMPLICIT_RETAIN_SELF = YES;
				CLANG_WARN_OBJC_LITERAL_CONVERSION = YES;
				CLANG_WARN_OBJC_ROOT_CLASS = YES_ERROR;
				CLANG_WARN_QUOTED_INCLUDE_IN_FRAMEWORK_HEADER = YES;
				CLANG_WARN_RANGE_LOOP_ANALYSIS = YES;
				CLANG_WARN_STRICT_PROTOTYPES = YES;
				CLANG_WARN_SUSPICIOUS_MOVE = YES;
				CLANG_WARN_UNGUARDED_AVAILABILITY = YES_AGGRESSIVE;
				CLANG_WARN_UNREACHABLE_CODE = YES;
				CLANG_WARN__DUPLICATE_METHOD_MATCH = YES;
				COPY_PHASE_STRIP = NO;
				DEBUG_INFORMATION_FORMAT = "dwarf-with-dsym";
				ENABLE_NS_ASSERTIONS = NO;
				ENABLE_STRICT_OBJC_MSGSEND = YES;
				GCC_C_LANGUAGE_STANDARD = gnu11;
				GCC_NO_COMMON_BLOCKS = YES;
				GCC_WARN_64_TO_32_BIT_CONVERSION = YES;
				GCC_WARN_ABOUT_RETURN_TYPE = YES_ERROR;
				GCC_WARN_UNDECLARED_SELECTOR = YES;
				GCC_WARN_UNINITIALIZED_AUTOS = YES_AGGRESSIVE;
				GCC_WARN_UNUSED_FUNCTION = YES;
				GCC_WARN_UNUSED_VARIABLE = YES;
				IPHONEOS_DEPLOYMENT_TARGET = 15.2;
				MTL_ENABLE_DEBUG_INFO = NO;
				MTL_FAST_MATH = YES;
				SDKROOT = iphoneos;
				SWIFT_COMPILATION_MODE = wholemodule;
				SWIFT_OPTIMIZATION_LEVEL = "-O";
				VALIDATE_PRODUCT = YES;
			};
			name = Release;
		};
		63E4D48627CC0A4100F74780 /* Debug */ = {
			isa = XCBuildConfiguration;
			buildSettings = {
				ASSETCATALOG_COMPILER_APPICON_NAME = AppIcon;
				ASSETCATALOG_COMPILER_GLOBAL_ACCENT_COLOR_NAME = AccentColor;
				CODE_SIGN_STYLE = Automatic;
				CURRENT_PROJECT_VERSION = 1;
				DEVELOPMENT_TEAM = 4A8R484TGN;
				GENERATE_INFOPLIST_FILE = YES;
				INFOPLIST_FILE = Messager/Info.plist;
				INFOPLIST_KEY_UIApplicationSupportsIndirectInputEvents = YES;
				INFOPLIST_KEY_UILaunchStoryboardName = LaunchScreen;
				INFOPLIST_KEY_UISupportedInterfaceOrientations = "";
				INFOPLIST_KEY_UISupportedInterfaceOrientations_iPad = "UIInterfaceOrientationPortrait UIInterfaceOrientationPortraitUpsideDown UIInterfaceOrientationLandscapeLeft UIInterfaceOrientationLandscapeRight";
				INFOPLIST_KEY_UISupportedInterfaceOrientations_iPhone = "UIInterfaceOrientationPortrait UIInterfaceOrientationLandscapeLeft UIInterfaceOrientationLandscapeRight";
				IPHONEOS_DEPLOYMENT_TARGET = 15.4;
				LD_RUNPATH_SEARCH_PATHS = (
					"$(inherited)",
					"@executable_path/Frameworks",
				);
				MARKETING_VERSION = 1.0;
				PRODUCT_BUNDLE_IDENTIFIER = com.kristina.Messager;
				PRODUCT_NAME = "$(TARGET_NAME)";
				SWIFT_EMIT_LOC_STRINGS = YES;
				SWIFT_VERSION = 5.0;
				TARGETED_DEVICE_FAMILY = "1,2";
			};
			name = Debug;
		};
		63E4D48727CC0A4100F74780 /* Release */ = {
			isa = XCBuildConfiguration;
			buildSettings = {
				ASSETCATALOG_COMPILER_APPICON_NAME = AppIcon;
				ASSETCATALOG_COMPILER_GLOBAL_ACCENT_COLOR_NAME = AccentColor;
				CODE_SIGN_STYLE = Automatic;
				CURRENT_PROJECT_VERSION = 1;
				DEVELOPMENT_TEAM = 4A8R484TGN;
				GENERATE_INFOPLIST_FILE = YES;
				INFOPLIST_FILE = Messager/Info.plist;
				INFOPLIST_KEY_UIApplicationSupportsIndirectInputEvents = YES;
				INFOPLIST_KEY_UILaunchStoryboardName = LaunchScreen;
				INFOPLIST_KEY_UISupportedInterfaceOrientations = "";
				INFOPLIST_KEY_UISupportedInterfaceOrientations_iPad = "UIInterfaceOrientationPortrait UIInterfaceOrientationPortraitUpsideDown UIInterfaceOrientationLandscapeLeft UIInterfaceOrientationLandscapeRight";
				INFOPLIST_KEY_UISupportedInterfaceOrientations_iPhone = "UIInterfaceOrientationPortrait UIInterfaceOrientationLandscapeLeft UIInterfaceOrientationLandscapeRight";
				IPHONEOS_DEPLOYMENT_TARGET = 15.4;
				LD_RUNPATH_SEARCH_PATHS = (
					"$(inherited)",
					"@executable_path/Frameworks",
				);
				MARKETING_VERSION = 1.0;
				PRODUCT_BUNDLE_IDENTIFIER = com.kristina.Messager;
				PRODUCT_NAME = "$(TARGET_NAME)";
				SWIFT_EMIT_LOC_STRINGS = YES;
				SWIFT_VERSION = 5.0;
				TARGETED_DEVICE_FAMILY = "1,2";
			};
			name = Release;
		};
		63E4D48927CC0A4100F74780 /* Debug */ = {
			isa = XCBuildConfiguration;
			buildSettings = {
				ALWAYS_EMBED_SWIFT_STANDARD_LIBRARIES = YES;
				BUNDLE_LOADER = "$(TEST_HOST)";
				CODE_SIGN_STYLE = Automatic;
				CURRENT_PROJECT_VERSION = 1;
				DEVELOPMENT_TEAM = 4A8R484TGN;
				GENERATE_INFOPLIST_FILE = YES;
				IPHONEOS_DEPLOYMENT_TARGET = 15.2;
				MARKETING_VERSION = 1.0;
				PRODUCT_BUNDLE_IDENTIFIER = com.kristina.MessagerTests;
				PRODUCT_NAME = "$(TARGET_NAME)";
				SWIFT_EMIT_LOC_STRINGS = NO;
				SWIFT_VERSION = 5.0;
				TARGETED_DEVICE_FAMILY = "1,2";
				TEST_HOST = "$(BUILT_PRODUCTS_DIR)/Messager.app/Messager";
			};
			name = Debug;
		};
		63E4D48A27CC0A4100F74780 /* Release */ = {
			isa = XCBuildConfiguration;
			buildSettings = {
				ALWAYS_EMBED_SWIFT_STANDARD_LIBRARIES = YES;
				BUNDLE_LOADER = "$(TEST_HOST)";
				CODE_SIGN_STYLE = Automatic;
				CURRENT_PROJECT_VERSION = 1;
				DEVELOPMENT_TEAM = 4A8R484TGN;
				GENERATE_INFOPLIST_FILE = YES;
				IPHONEOS_DEPLOYMENT_TARGET = 15.2;
				MARKETING_VERSION = 1.0;
				PRODUCT_BUNDLE_IDENTIFIER = com.kristina.MessagerTests;
				PRODUCT_NAME = "$(TARGET_NAME)";
				SWIFT_EMIT_LOC_STRINGS = NO;
				SWIFT_VERSION = 5.0;
				TARGETED_DEVICE_FAMILY = "1,2";
				TEST_HOST = "$(BUILT_PRODUCTS_DIR)/Messager.app/Messager";
			};
			name = Release;
		};
		63E4D48C27CC0A4100F74780 /* Debug */ = {
			isa = XCBuildConfiguration;
			buildSettings = {
				ALWAYS_EMBED_SWIFT_STANDARD_LIBRARIES = YES;
				CODE_SIGN_STYLE = Automatic;
				CURRENT_PROJECT_VERSION = 1;
				DEVELOPMENT_TEAM = 4A8R484TGN;
				GENERATE_INFOPLIST_FILE = YES;
				MARKETING_VERSION = 1.0;
				PRODUCT_BUNDLE_IDENTIFIER = com.kristina.MessagerUITests;
				PRODUCT_NAME = "$(TARGET_NAME)";
				SWIFT_EMIT_LOC_STRINGS = NO;
				SWIFT_VERSION = 5.0;
				TARGETED_DEVICE_FAMILY = "1,2";
				TEST_TARGET_NAME = Messager;
			};
			name = Debug;
		};
		63E4D48D27CC0A4100F74780 /* Release */ = {
			isa = XCBuildConfiguration;
			buildSettings = {
				ALWAYS_EMBED_SWIFT_STANDARD_LIBRARIES = YES;
				CODE_SIGN_STYLE = Automatic;
				CURRENT_PROJECT_VERSION = 1;
				DEVELOPMENT_TEAM = 4A8R484TGN;
				GENERATE_INFOPLIST_FILE = YES;
				MARKETING_VERSION = 1.0;
				PRODUCT_BUNDLE_IDENTIFIER = com.kristina.MessagerUITests;
				PRODUCT_NAME = "$(TARGET_NAME)";
				SWIFT_EMIT_LOC_STRINGS = NO;
				SWIFT_VERSION = 5.0;
				TARGETED_DEVICE_FAMILY = "1,2";
				TEST_TARGET_NAME = Messager;
			};
			name = Release;
		};
/* End XCBuildConfiguration section */

/* Begin XCConfigurationList section */
		63E4D45327CC0A3F00F74780 /* Build configuration list for PBXProject "Messager" */ = {
			isa = XCConfigurationList;
			buildConfigurations = (
				63E4D48327CC0A4100F74780 /* Debug */,
				63E4D48427CC0A4100F74780 /* Release */,
			);
			defaultConfigurationIsVisible = 0;
			defaultConfigurationName = Release;
		};
		63E4D48527CC0A4100F74780 /* Build configuration list for PBXNativeTarget "Messager" */ = {
			isa = XCConfigurationList;
			buildConfigurations = (
				63E4D48627CC0A4100F74780 /* Debug */,
				63E4D48727CC0A4100F74780 /* Release */,
			);
			defaultConfigurationIsVisible = 0;
			defaultConfigurationName = Release;
		};
		63E4D48827CC0A4100F74780 /* Build configuration list for PBXNativeTarget "MessagerTests" */ = {
			isa = XCConfigurationList;
			buildConfigurations = (
				63E4D48927CC0A4100F74780 /* Debug */,
				63E4D48A27CC0A4100F74780 /* Release */,
			);
			defaultConfigurationIsVisible = 0;
			defaultConfigurationName = Release;
		};
		63E4D48B27CC0A4100F74780 /* Build configuration list for PBXNativeTarget "MessagerUITests" */ = {
			isa = XCConfigurationList;
			buildConfigurations = (
				63E4D48C27CC0A4100F74780 /* Debug */,
				63E4D48D27CC0A4100F74780 /* Release */,
			);
			defaultConfigurationIsVisible = 0;
			defaultConfigurationName = Release;
		};
/* End XCConfigurationList section */

/* Begin XCVersionGroup section */
		63E4D46427CC0A3F00F74780 /* Messager.xcdatamodeld */ = {
			isa = XCVersionGroup;
			children = (
				63E4D46527CC0A3F00F74780 /* Messager.xcdatamodel */,
			);
			currentVersion = 63E4D46527CC0A3F00F74780 /* Messager.xcdatamodel */;
			path = Messager.xcdatamodeld;
			sourceTree = "<group>";
			versionGroupType = wrapper.xcdatamodel;
		};
/* End XCVersionGroup section */
	};
	rootObject = 63E4D45027CC0A3F00F74780 /* Project object */;
}
